// !$*UTF8*$!
{
	archiveVersion = 1;
	classes = {
	};
	objectVersion = 56;
	objects = {

/* Begin PBXBuildFile section */
		863704522B2603BC00695026 /* DoraOSSSDK.cpp in Sources */ = {isa = PBXBuildFile; fileRef = 863704502B2603BC00695026 /* DoraOSSSDK.cpp */; };
		863884262B255BF200FE1C80 /* DoraARouterSDK.cpp in Sources */ = {isa = PBXBuildFile; fileRef = 863884242B255BF200FE1C80 /* DoraARouterSDK.cpp */; };
		863884292B255CA500FE1C80 /* DoraApolloSDK.cpp in Sources */ = {isa = PBXBuildFile; fileRef = 863884272B255CA500FE1C80 /* DoraApolloSDK.cpp */; };
		8638842C2B255D2D00FE1C80 /* DoraPgyerSDK.cpp in Sources */ = {isa = PBXBuildFile; fileRef = 8638842A2B255D2D00FE1C80 /* DoraPgyerSDK.cpp */; };
		8638842F2B255DA900FE1C80 /* DoraGlideSDK.cpp in Sources */ = {isa = PBXBuildFile; fileRef = 8638842D2B255DA900FE1C80 /* DoraGlideSDK.cpp */; };
		863884322B255E2F00FE1C80 /* DoraBaseRecyclerViewAdapterHelperSDK.cpp in Sources */ = {isa = PBXBuildFile; fileRef = 863884302B255E2F00FE1C80 /* DoraBaseRecyclerViewAdapterHelperSDK.cpp */; };
		863884352B255EA300FE1C80 /* DoraDaggerSDK.cpp in Sources */ = {isa = PBXBuildFile; fileRef = 863884332B255EA300FE1C80 /* DoraDaggerSDK.cpp */; };
		863884382B255F1600FE1C80 /* DoraSmartRefreshLayoutSDK.cpp in Sources */ = {isa = PBXBuildFile; fileRef = 863884362B255F1600FE1C80 /* DoraSmartRefreshLayoutSDK.cpp */; };
		8638843E2B25609300FE1C80 /* DoraCacheRoomSDK.cpp in Sources */ = {isa = PBXBuildFile; fileRef = 8638843C2B25609300FE1C80 /* DoraCacheRoomSDK.cpp */; };
		863884412B2560BA00FE1C80 /* DoraCacheGreenDaoSDK.cpp in Sources */ = {isa = PBXBuildFile; fileRef = 8638843F2B2560BA00FE1C80 /* DoraCacheGreenDaoSDK.cpp */; };
		863884442B2561BF00FE1C80 /* DoraViewTitleBarSDK.cpp in Sources */ = {isa = PBXBuildFile; fileRef = 863884422B2561BF00FE1C80 /* DoraViewTitleBarSDK.cpp */; };
		863884472B2561DF00FE1C80 /* DoraViewToggleButtonSDK.cpp in Sources */ = {isa = PBXBuildFile; fileRef = 863884452B2561DF00FE1C80 /* DoraViewToggleButtonSDK.cpp */; };
		8638844A2B25620B00FE1C80 /* DoraViewAvatarSDK.cpp in Sources */ = {isa = PBXBuildFile; fileRef = 863884482B25620B00FE1C80 /* DoraViewAvatarSDK.cpp */; };
		8638844D2B25623100FE1C80 /* DoraViewBottomDialogSDK.cpp in Sources */ = {isa = PBXBuildFile; fileRef = 8638844B2B25623100FE1C80 /* DoraViewBottomDialogSDK.cpp */; };
		863884502B25625D00FE1C80 /* DoraViewClearEditTextSDK.cpp in Sources */ = {isa = PBXBuildFile; fileRef = 8638844E2B25625D00FE1C80 /* DoraViewClearEditTextSDK.cpp */; };
		863884532B25628800FE1C80 /* DoraViewProgressViewSDK.cpp in Sources */ = {isa = PBXBuildFile; fileRef = 863884512B25628800FE1C80 /* DoraViewProgressViewSDK.cpp */; };
		863884562B2562A600FE1C80 /* DoraViewAlertDialogSDK.cpp in Sources */ = {isa = PBXBuildFile; fileRef = 863884542B2562A600FE1C80 /* DoraViewAlertDialogSDK.cpp */; };
		863884592B2562CC00FE1C80 /* DoraViewLoadingDialogSDK.cpp in Sources */ = {isa = PBXBuildFile; fileRef = 863884572B2562CC00FE1C80 /* DoraViewLoadingDialogSDK.cpp */; };
		8638845C2B2562EC00FE1C80 /* DoraViewEmptyLayoutSDK.cpp in Sources */ = {isa = PBXBuildFile; fileRef = 8638845A2B2562EC00FE1C80 /* DoraViewEmptyLayoutSDK.cpp */; };
		8638845F2B25631C00FE1C80 /* DoraViewFlexibleScrollViewSDK.cpp in Sources */ = {isa = PBXBuildFile; fileRef = 8638845D2B25631C00FE1C80 /* DoraViewFlexibleScrollViewSDK.cpp */; };
		863884622B25633700FE1C80 /* DoraViewColorsSDK.cpp in Sources */ = {isa = PBXBuildFile; fileRef = 863884602B25633700FE1C80 /* DoraViewColorsSDK.cpp */; };
		869D90762B20CBCA00BF4716 /* DoraFirebaseSDK.cpp in Sources */ = {isa = PBXBuildFile; fileRef = 869D90742B20CBCA00BF4716 /* DoraFirebaseSDK.cpp */; };
		869D907A2B20CFF700BF4716 /* DoraCacheSDK.cpp in Sources */ = {isa = PBXBuildFile; fileRef = 869D90782B20CFF700BF4716 /* DoraCacheSDK.cpp */; };
		869D907D2B20D10800BF4716 /* DoraViewSkinsSDK.cpp in Sources */ = {isa = PBXBuildFile; fileRef = 869D907B2B20D10800BF4716 /* DoraViewSkinsSDK.cpp */; };
		869D90822B237B1900BF4716 /* DoraEventBusSDK.cpp in Sources */ = {isa = PBXBuildFile; fileRef = 869D90802B237B1900BF4716 /* DoraEventBusSDK.cpp */; };
		86B9C6EA2B1F5F6D00873718 /* main.cpp in Sources */ = {isa = PBXBuildFile; fileRef = 86B9C6E92B1F5F6D00873718 /* main.cpp */; };
		86B9C6FA2B1F615F00873718 /* DoraViewPlate.cpp in Sources */ = {isa = PBXBuildFile; fileRef = 86B9C6F32B1F615F00873718 /* DoraViewPlate.cpp */; };
		86B9C6FB2B1F615F00873718 /* BaseProduct.cpp in Sources */ = {isa = PBXBuildFile; fileRef = 86B9C6F52B1F615F00873718 /* BaseProduct.cpp */; };
		86B9C6FC2B1F615F00873718 /* BasePlate.cpp in Sources */ = {isa = PBXBuildFile; fileRef = 86B9C6F62B1F615F00873718 /* BasePlate.cpp */; };
		86B9C6FD2B1F615F00873718 /* DoraCachePlate.cpp in Sources */ = {isa = PBXBuildFile; fileRef = 86B9C6F72B1F615F00873718 /* DoraCachePlate.cpp */; };
		86B9C6FE2B1F615F00873718 /* DoraPlate.cpp in Sources */ = {isa = PBXBuildFile; fileRef = 86B9C6F92B1F615F00873718 /* DoraPlate.cpp */; };
		86B9C7022B1F6BB100873718 /* DoraSDK.cpp in Sources */ = {isa = PBXBuildFile; fileRef = 86B9C7002B1F6BB100873718 /* DoraSDK.cpp */; };
/* End PBXBuildFile section */

/* Begin PBXCopyFilesBuildPhase section */
		86B9C6E42B1F5F6D00873718 /* CopyFiles */ = {
			isa = PBXCopyFilesBuildPhase;
			buildActionMask = 2147483647;
			dstPath = /usr/share/man/man1/;
			dstSubfolderSpec = 0;
			files = (
			);
			runOnlyForDeploymentPostprocessing = 1;
		};
/* End PBXCopyFilesBuildPhase section */

/* Begin PBXFileReference section */
		863704502B2603BC00695026 /* DoraOSSSDK.cpp */ = {isa = PBXFileReference; lastKnownFileType = sourcecode.cpp.cpp; path = DoraOSSSDK.cpp; sourceTree = "<group>"; };
		863704512B2603BC00695026 /* DoraOSSSDK.hpp */ = {isa = PBXFileReference; lastKnownFileType = sourcecode.cpp.h; path = DoraOSSSDK.hpp; sourceTree = "<group>"; };
		863884242B255BF200FE1C80 /* DoraARouterSDK.cpp */ = {isa = PBXFileReference; lastKnownFileType = sourcecode.cpp.cpp; path = DoraARouterSDK.cpp; sourceTree = "<group>"; };
		863884252B255BF200FE1C80 /* DoraARouterSDK.hpp */ = {isa = PBXFileReference; lastKnownFileType = sourcecode.cpp.h; path = DoraARouterSDK.hpp; sourceTree = "<group>"; };
		863884272B255CA500FE1C80 /* DoraApolloSDK.cpp */ = {isa = PBXFileReference; lastKnownFileType = sourcecode.cpp.cpp; path = DoraApolloSDK.cpp; sourceTree = "<group>"; };
		863884282B255CA500FE1C80 /* DoraApolloSDK.hpp */ = {isa = PBXFileReference; lastKnownFileType = sourcecode.cpp.h; path = DoraApolloSDK.hpp; sourceTree = "<group>"; };
		8638842A2B255D2D00FE1C80 /* DoraPgyerSDK.cpp */ = {isa = PBXFileReference; lastKnownFileType = sourcecode.cpp.cpp; path = DoraPgyerSDK.cpp; sourceTree = "<group>"; };
		8638842B2B255D2D00FE1C80 /* DoraPgyerSDK.hpp */ = {isa = PBXFileReference; lastKnownFileType = sourcecode.cpp.h; path = DoraPgyerSDK.hpp; sourceTree = "<group>"; };
		8638842D2B255DA900FE1C80 /* DoraGlideSDK.cpp */ = {isa = PBXFileReference; lastKnownFileType = sourcecode.cpp.cpp; path = DoraGlideSDK.cpp; sourceTree = "<group>"; };
		8638842E2B255DA900FE1C80 /* DoraGlideSDK.hpp */ = {isa = PBXFileReference; lastKnownFileType = sourcecode.cpp.h; path = DoraGlideSDK.hpp; sourceTree = "<group>"; };
		863884302B255E2F00FE1C80 /* DoraBaseRecyclerViewAdapterHelperSDK.cpp */ = {isa = PBXFileReference; lastKnownFileType = sourcecode.cpp.cpp; path = DoraBaseRecyclerViewAdapterHelperSDK.cpp; sourceTree = "<group>"; };
		863884312B255E2F00FE1C80 /* DoraBaseRecyclerViewAdapterHelperSDK.hpp */ = {isa = PBXFileReference; lastKnownFileType = sourcecode.cpp.h; path = DoraBaseRecyclerViewAdapterHelperSDK.hpp; sourceTree = "<group>"; };
		863884332B255EA300FE1C80 /* DoraDaggerSDK.cpp */ = {isa = PBXFileReference; lastKnownFileType = sourcecode.cpp.cpp; path = DoraDaggerSDK.cpp; sourceTree = "<group>"; };
		863884342B255EA300FE1C80 /* DoraDaggerSDK.hpp */ = {isa = PBXFileReference; lastKnownFileType = sourcecode.cpp.h; path = DoraDaggerSDK.hpp; sourceTree = "<group>"; };
		863884362B255F1600FE1C80 /* DoraSmartRefreshLayoutSDK.cpp */ = {isa = PBXFileReference; lastKnownFileType = sourcecode.cpp.cpp; path = DoraSmartRefreshLayoutSDK.cpp; sourceTree = "<group>"; };
		863884372B255F1600FE1C80 /* DoraSmartRefreshLayoutSDK.hpp */ = {isa = PBXFileReference; lastKnownFileType = sourcecode.cpp.h; path = DoraSmartRefreshLayoutSDK.hpp; sourceTree = "<group>"; };
		8638843C2B25609300FE1C80 /* DoraCacheRoomSDK.cpp */ = {isa = PBXFileReference; lastKnownFileType = sourcecode.cpp.cpp; path = DoraCacheRoomSDK.cpp; sourceTree = "<group>"; };
		8638843D2B25609300FE1C80 /* DoraCacheRoomSDK.hpp */ = {isa = PBXFileReference; lastKnownFileType = sourcecode.cpp.h; path = DoraCacheRoomSDK.hpp; sourceTree = "<group>"; };
		8638843F2B2560BA00FE1C80 /* DoraCacheGreenDaoSDK.cpp */ = {isa = PBXFileReference; lastKnownFileType = sourcecode.cpp.cpp; path = DoraCacheGreenDaoSDK.cpp; sourceTree = "<group>"; };
		863884402B2560BA00FE1C80 /* DoraCacheGreenDaoSDK.hpp */ = {isa = PBXFileReference; lastKnownFileType = sourcecode.cpp.h; path = DoraCacheGreenDaoSDK.hpp; sourceTree = "<group>"; };
		863884422B2561BF00FE1C80 /* DoraViewTitleBarSDK.cpp */ = {isa = PBXFileReference; lastKnownFileType = sourcecode.cpp.cpp; path = DoraViewTitleBarSDK.cpp; sourceTree = "<group>"; };
		863884432B2561BF00FE1C80 /* DoraViewTitleBarSDK.hpp */ = {isa = PBXFileReference; lastKnownFileType = sourcecode.cpp.h; path = DoraViewTitleBarSDK.hpp; sourceTree = "<group>"; };
		863884452B2561DF00FE1C80 /* DoraViewToggleButtonSDK.cpp */ = {isa = PBXFileReference; lastKnownFileType = sourcecode.cpp.cpp; path = DoraViewToggleButtonSDK.cpp; sourceTree = "<group>"; };
		863884462B2561DF00FE1C80 /* DoraViewToggleButtonSDK.hpp */ = {isa = PBXFileReference; lastKnownFileType = sourcecode.cpp.h; path = DoraViewToggleButtonSDK.hpp; sourceTree = "<group>"; };
		863884482B25620B00FE1C80 /* DoraViewAvatarSDK.cpp */ = {isa = PBXFileReference; lastKnownFileType = sourcecode.cpp.cpp; path = DoraViewAvatarSDK.cpp; sourceTree = "<group>"; };
		863884492B25620B00FE1C80 /* DoraViewAvatarSDK.hpp */ = {isa = PBXFileReference; lastKnownFileType = sourcecode.cpp.h; path = DoraViewAvatarSDK.hpp; sourceTree = "<group>"; };
		8638844B2B25623100FE1C80 /* DoraViewBottomDialogSDK.cpp */ = {isa = PBXFileReference; lastKnownFileType = sourcecode.cpp.cpp; path = DoraViewBottomDialogSDK.cpp; sourceTree = "<group>"; };
		8638844C2B25623100FE1C80 /* DoraViewBottomDialogSDK.hpp */ = {isa = PBXFileReference; lastKnownFileType = sourcecode.cpp.h; path = DoraViewBottomDialogSDK.hpp; sourceTree = "<group>"; };
		8638844E2B25625D00FE1C80 /* DoraViewClearEditTextSDK.cpp */ = {isa = PBXFileReference; lastKnownFileType = sourcecode.cpp.cpp; path = DoraViewClearEditTextSDK.cpp; sourceTree = "<group>"; };
		8638844F2B25625D00FE1C80 /* DoraViewClearEditTextSDK.hpp */ = {isa = PBXFileReference; lastKnownFileType = sourcecode.cpp.h; path = DoraViewClearEditTextSDK.hpp; sourceTree = "<group>"; };
		863884512B25628800FE1C80 /* DoraViewProgressViewSDK.cpp */ = {isa = PBXFileReference; lastKnownFileType = sourcecode.cpp.cpp; path = DoraViewProgressViewSDK.cpp; sourceTree = "<group>"; };
		863884522B25628800FE1C80 /* DoraViewProgressViewSDK.hpp */ = {isa = PBXFileReference; lastKnownFileType = sourcecode.cpp.h; path = DoraViewProgressViewSDK.hpp; sourceTree = "<group>"; };
		863884542B2562A600FE1C80 /* DoraViewAlertDialogSDK.cpp */ = {isa = PBXFileReference; lastKnownFileType = sourcecode.cpp.cpp; path = DoraViewAlertDialogSDK.cpp; sourceTree = "<group>"; };
		863884552B2562A600FE1C80 /* DoraViewAlertDialogSDK.hpp */ = {isa = PBXFileReference; lastKnownFileType = sourcecode.cpp.h; path = DoraViewAlertDialogSDK.hpp; sourceTree = "<group>"; };
		863884572B2562CC00FE1C80 /* DoraViewLoadingDialogSDK.cpp */ = {isa = PBXFileReference; lastKnownFileType = sourcecode.cpp.cpp; path = DoraViewLoadingDialogSDK.cpp; sourceTree = "<group>"; };
		863884582B2562CC00FE1C80 /* DoraViewLoadingDialogSDK.hpp */ = {isa = PBXFileReference; lastKnownFileType = sourcecode.cpp.h; path = DoraViewLoadingDialogSDK.hpp; sourceTree = "<group>"; };
		8638845A2B2562EC00FE1C80 /* DoraViewEmptyLayoutSDK.cpp */ = {isa = PBXFileReference; lastKnownFileType = sourcecode.cpp.cpp; path = DoraViewEmptyLayoutSDK.cpp; sourceTree = "<group>"; };
		8638845B2B2562EC00FE1C80 /* DoraViewEmptyLayoutSDK.hpp */ = {isa = PBXFileReference; lastKnownFileType = sourcecode.cpp.h; path = DoraViewEmptyLayoutSDK.hpp; sourceTree = "<group>"; };
		8638845D2B25631C00FE1C80 /* DoraViewFlexibleScrollViewSDK.cpp */ = {isa = PBXFileReference; lastKnownFileType = sourcecode.cpp.cpp; path = DoraViewFlexibleScrollViewSDK.cpp; sourceTree = "<group>"; };
		8638845E2B25631C00FE1C80 /* DoraViewFlexibleScrollViewSDK.hpp */ = {isa = PBXFileReference; lastKnownFileType = sourcecode.cpp.h; path = DoraViewFlexibleScrollViewSDK.hpp; sourceTree = "<group>"; };
		863884602B25633700FE1C80 /* DoraViewColorsSDK.cpp */ = {isa = PBXFileReference; lastKnownFileType = sourcecode.cpp.cpp; path = DoraViewColorsSDK.cpp; sourceTree = "<group>"; };
		863884612B25633700FE1C80 /* DoraViewColorsSDK.hpp */ = {isa = PBXFileReference; lastKnownFileType = sourcecode.cpp.h; path = DoraViewColorsSDK.hpp; sourceTree = "<group>"; };
		869D90742B20CBCA00BF4716 /* DoraFirebaseSDK.cpp */ = {isa = PBXFileReference; lastKnownFileType = sourcecode.cpp.cpp; path = DoraFirebaseSDK.cpp; sourceTree = "<group>"; };
		869D90752B20CBCA00BF4716 /* DoraFirebaseSDK.hpp */ = {isa = PBXFileReference; lastKnownFileType = sourcecode.cpp.h; path = DoraFirebaseSDK.hpp; sourceTree = "<group>"; };
		869D90782B20CFF700BF4716 /* DoraCacheSDK.cpp */ = {isa = PBXFileReference; lastKnownFileType = sourcecode.cpp.cpp; path = DoraCacheSDK.cpp; sourceTree = "<group>"; };
		869D90792B20CFF700BF4716 /* DoraCacheSDK.hpp */ = {isa = PBXFileReference; lastKnownFileType = sourcecode.cpp.h; path = DoraCacheSDK.hpp; sourceTree = "<group>"; };
		869D907B2B20D10800BF4716 /* DoraViewSkinsSDK.cpp */ = {isa = PBXFileReference; lastKnownFileType = sourcecode.cpp.cpp; path = DoraViewSkinsSDK.cpp; sourceTree = "<group>"; };
		869D907C2B20D10800BF4716 /* DoraViewSkinsSDK.hpp */ = {isa = PBXFileReference; lastKnownFileType = sourcecode.cpp.h; path = DoraViewSkinsSDK.hpp; sourceTree = "<group>"; };
		869D90802B237B1900BF4716 /* DoraEventBusSDK.cpp */ = {isa = PBXFileReference; lastKnownFileType = sourcecode.cpp.cpp; path = DoraEventBusSDK.cpp; sourceTree = "<group>"; };
		869D90812B237B1900BF4716 /* DoraEventBusSDK.hpp */ = {isa = PBXFileReference; lastKnownFileType = sourcecode.cpp.h; path = DoraEventBusSDK.hpp; sourceTree = "<group>"; };
		86B9C6E62B1F5F6D00873718 /* dora-architect-roadmap */ = {isa = PBXFileReference; explicitFileType = "compiled.mach-o.executable"; includeInIndex = 0; path = "dora-architect-roadmap"; sourceTree = BUILT_PRODUCTS_DIR; };
		86B9C6E92B1F5F6D00873718 /* main.cpp */ = {isa = PBXFileReference; lastKnownFileType = sourcecode.cpp.cpp; path = main.cpp; sourceTree = "<group>"; };
		86B9C6F02B1F615E00873718 /* DoraViewPlate.hpp */ = {isa = PBXFileReference; fileEncoding = 4; lastKnownFileType = sourcecode.cpp.h; path = DoraViewPlate.hpp; sourceTree = "<group>"; };
		86B9C6F12B1F615E00873718 /* BaseProduct.hpp */ = {isa = PBXFileReference; fileEncoding = 4; lastKnownFileType = sourcecode.cpp.h; path = BaseProduct.hpp; sourceTree = "<group>"; };
		86B9C6F22B1F615E00873718 /* DoraCachePlate.hpp */ = {isa = PBXFileReference; fileEncoding = 4; lastKnownFileType = sourcecode.cpp.h; path = DoraCachePlate.hpp; sourceTree = "<group>"; };
		86B9C6F32B1F615F00873718 /* DoraViewPlate.cpp */ = {isa = PBXFileReference; fileEncoding = 4; lastKnownFileType = sourcecode.cpp.cpp; path = DoraViewPlate.cpp; sourceTree = "<group>"; };
		86B9C6F42B1F615F00873718 /* DoraPlate.hpp */ = {isa = PBXFileReference; fileEncoding = 4; lastKnownFileType = sourcecode.cpp.h; path = DoraPlate.hpp; sourceTree = "<group>"; };
		86B9C6F52B1F615F00873718 /* BaseProduct.cpp */ = {isa = PBXFileReference; fileEncoding = 4; lastKnownFileType = sourcecode.cpp.cpp; path = BaseProduct.cpp; sourceTree = "<group>"; };
		86B9C6F62B1F615F00873718 /* BasePlate.cpp */ = {isa = PBXFileReference; fileEncoding = 4; lastKnownFileType = sourcecode.cpp.cpp; path = BasePlate.cpp; sourceTree = "<group>"; };
		86B9C6F72B1F615F00873718 /* DoraCachePlate.cpp */ = {isa = PBXFileReference; fileEncoding = 4; lastKnownFileType = sourcecode.cpp.cpp; path = DoraCachePlate.cpp; sourceTree = "<group>"; };
		86B9C6F82B1F615F00873718 /* BasePlate.hpp */ = {isa = PBXFileReference; fileEncoding = 4; lastKnownFileType = sourcecode.cpp.h; path = BasePlate.hpp; sourceTree = "<group>"; };
		86B9C6F92B1F615F00873718 /* DoraPlate.cpp */ = {isa = PBXFileReference; fileEncoding = 4; lastKnownFileType = sourcecode.cpp.cpp; path = DoraPlate.cpp; sourceTree = "<group>"; };
		86B9C6FF2B1F65A600873718 /* dora-architect-roadmap.entitlements */ = {isa = PBXFileReference; lastKnownFileType = text.plist.entitlements; path = "dora-architect-roadmap.entitlements"; sourceTree = "<group>"; };
		86B9C7002B1F6BB100873718 /* DoraSDK.cpp */ = {isa = PBXFileReference; lastKnownFileType = sourcecode.cpp.cpp; path = DoraSDK.cpp; sourceTree = "<group>"; };
		86B9C7012B1F6BB100873718 /* DoraSDK.hpp */ = {isa = PBXFileReference; lastKnownFileType = sourcecode.cpp.h; path = DoraSDK.hpp; sourceTree = "<group>"; };
/* End PBXFileReference section */

/* Begin PBXFrameworksBuildPhase section */
		86B9C6E32B1F5F6D00873718 /* Frameworks */ = {
			isa = PBXFrameworksBuildPhase;
			buildActionMask = 2147483647;
			files = (
			);
			runOnlyForDeploymentPostprocessing = 0;
		};
/* End PBXFrameworksBuildPhase section */

/* Begin PBXGroup section */
		86B9C6DD2B1F5F6D00873718 = {
			isa = PBXGroup;
			children = (
				86B9C6E82B1F5F6D00873718 /* dora-architect-roadmap */,
				86B9C6E72B1F5F6D00873718 /* Products */,
			);
			sourceTree = "<group>";
		};
		86B9C6E72B1F5F6D00873718 /* Products */ = {
			isa = PBXGroup;
			children = (
				86B9C6E62B1F5F6D00873718 /* dora-architect-roadmap */,
			);
			name = Products;
			sourceTree = "<group>";
		};
		86B9C6E82B1F5F6D00873718 /* dora-architect-roadmap */ = {
			isa = PBXGroup;
			children = (
				86B9C6FF2B1F65A600873718 /* dora-architect-roadmap.entitlements */,
				86B9C6F62B1F615F00873718 /* BasePlate.cpp */,
				86B9C6F82B1F615F00873718 /* BasePlate.hpp */,
				86B9C6F72B1F615F00873718 /* DoraCachePlate.cpp */,
				86B9C6F22B1F615E00873718 /* DoraCachePlate.hpp */,
				86B9C6F92B1F615F00873718 /* DoraPlate.cpp */,
				86B9C6F42B1F615F00873718 /* DoraPlate.hpp */,
				86B9C6F32B1F615F00873718 /* DoraViewPlate.cpp */,
				86B9C6F02B1F615E00873718 /* DoraViewPlate.hpp */,
				86B9C6F52B1F615F00873718 /* BaseProduct.cpp */,
				86B9C6F12B1F615E00873718 /* BaseProduct.hpp */,
				86B9C6E92B1F5F6D00873718 /* main.cpp */,
				86B9C7002B1F6BB100873718 /* DoraSDK.cpp */,
				86B9C7012B1F6BB100873718 /* DoraSDK.hpp */,
				869D90742B20CBCA00BF4716 /* DoraFirebaseSDK.cpp */,
				869D90752B20CBCA00BF4716 /* DoraFirebaseSDK.hpp */,
				869D90782B20CFF700BF4716 /* DoraCacheSDK.cpp */,
				869D90792B20CFF700BF4716 /* DoraCacheSDK.hpp */,
				869D907B2B20D10800BF4716 /* DoraViewSkinsSDK.cpp */,
				869D907C2B20D10800BF4716 /* DoraViewSkinsSDK.hpp */,
				869D90802B237B1900BF4716 /* DoraEventBusSDK.cpp */,
				869D90812B237B1900BF4716 /* DoraEventBusSDK.hpp */,
				863884242B255BF200FE1C80 /* DoraARouterSDK.cpp */,
				863884252B255BF200FE1C80 /* DoraARouterSDK.hpp */,
				863884272B255CA500FE1C80 /* DoraApolloSDK.cpp */,
				863884282B255CA500FE1C80 /* DoraApolloSDK.hpp */,
				8638842A2B255D2D00FE1C80 /* DoraPgyerSDK.cpp */,
				8638842B2B255D2D00FE1C80 /* DoraPgyerSDK.hpp */,
				8638842D2B255DA900FE1C80 /* DoraGlideSDK.cpp */,
				8638842E2B255DA900FE1C80 /* DoraGlideSDK.hpp */,
				863884302B255E2F00FE1C80 /* DoraBaseRecyclerViewAdapterHelperSDK.cpp */,
				863884312B255E2F00FE1C80 /* DoraBaseRecyclerViewAdapterHelperSDK.hpp */,
				863884332B255EA300FE1C80 /* DoraDaggerSDK.cpp */,
				863884342B255EA300FE1C80 /* DoraDaggerSDK.hpp */,
				863884362B255F1600FE1C80 /* DoraSmartRefreshLayoutSDK.cpp */,
				863884372B255F1600FE1C80 /* DoraSmartRefreshLayoutSDK.hpp */,
				8638843C2B25609300FE1C80 /* DoraCacheRoomSDK.cpp */,
				8638843D2B25609300FE1C80 /* DoraCacheRoomSDK.hpp */,
				8638843F2B2560BA00FE1C80 /* DoraCacheGreenDaoSDK.cpp */,
				863884402B2560BA00FE1C80 /* DoraCacheGreenDaoSDK.hpp */,
				863884422B2561BF00FE1C80 /* DoraViewTitleBarSDK.cpp */,
				863884432B2561BF00FE1C80 /* DoraViewTitleBarSDK.hpp */,
				863884452B2561DF00FE1C80 /* DoraViewToggleButtonSDK.cpp */,
				863884462B2561DF00FE1C80 /* DoraViewToggleButtonSDK.hpp */,
				863884482B25620B00FE1C80 /* DoraViewAvatarSDK.cpp */,
				863884492B25620B00FE1C80 /* DoraViewAvatarSDK.hpp */,
				8638844B2B25623100FE1C80 /* DoraViewBottomDialogSDK.cpp */,
				8638844C2B25623100FE1C80 /* DoraViewBottomDialogSDK.hpp */,
				8638844E2B25625D00FE1C80 /* DoraViewClearEditTextSDK.cpp */,
				8638844F2B25625D00FE1C80 /* DoraViewClearEditTextSDK.hpp */,
				863884512B25628800FE1C80 /* DoraViewProgressViewSDK.cpp */,
				863884522B25628800FE1C80 /* DoraViewProgressViewSDK.hpp */,
				863884542B2562A600FE1C80 /* DoraViewAlertDialogSDK.cpp */,
				863884552B2562A600FE1C80 /* DoraViewAlertDialogSDK.hpp */,
				863884572B2562CC00FE1C80 /* DoraViewLoadingDialogSDK.cpp */,
				863884582B2562CC00FE1C80 /* DoraViewLoadingDialogSDK.hpp */,
				8638845A2B2562EC00FE1C80 /* DoraViewEmptyLayoutSDK.cpp */,
				8638845B2B2562EC00FE1C80 /* DoraViewEmptyLayoutSDK.hpp */,
				8638845D2B25631C00FE1C80 /* DoraViewFlexibleScrollViewSDK.cpp */,
				8638845E2B25631C00FE1C80 /* DoraViewFlexibleScrollViewSDK.hpp */,
				863884602B25633700FE1C80 /* DoraViewColorsSDK.cpp */,
				863884612B25633700FE1C80 /* DoraViewColorsSDK.hpp */,
				863704502B2603BC00695026 /* DoraOSSSDK.cpp */,
				863704512B2603BC00695026 /* DoraOSSSDK.hpp */,
			);
			path = "dora-architect-roadmap";
			sourceTree = "<group>";
		};
/* End PBXGroup section */

/* Begin PBXNativeTarget section */
		86B9C6E52B1F5F6D00873718 /* dora-architect-roadmap */ = {
			isa = PBXNativeTarget;
			buildConfigurationList = 86B9C6ED2B1F5F6D00873718 /* Build configuration list for PBXNativeTarget "dora-architect-roadmap" */;
			buildPhases = (
				86B9C6E22B1F5F6D00873718 /* Sources */,
				86B9C6E32B1F5F6D00873718 /* Frameworks */,
				86B9C6E42B1F5F6D00873718 /* CopyFiles */,
			);
			buildRules = (
			);
			dependencies = (
			);
			name = "dora-architect-roadmap";
			productName = "dora-architect-roadmap";
			productReference = 86B9C6E62B1F5F6D00873718 /* dora-architect-roadmap */;
			productType = "com.apple.product-type.tool";
		};
/* End PBXNativeTarget section */

/* Begin PBXProject section */
		86B9C6DE2B1F5F6D00873718 /* Project object */ = {
			isa = PBXProject;
			attributes = {
				BuildIndependentTargetsInParallel = 1;
				LastUpgradeCheck = 1420;
				TargetAttributes = {
					86B9C6E52B1F5F6D00873718 = {
						CreatedOnToolsVersion = 14.2;
					};
				};
			};
			buildConfigurationList = 86B9C6E12B1F5F6D00873718 /* Build configuration list for PBXProject "dora-architect-roadmap" */;
			compatibilityVersion = "Xcode 14.0";
			developmentRegion = en;
			hasScannedForEncodings = 0;
			knownRegions = (
				en,
				Base,
			);
			mainGroup = 86B9C6DD2B1F5F6D00873718;
			productRefGroup = 86B9C6E72B1F5F6D00873718 /* Products */;
			projectDirPath = "";
			projectRoot = "";
			targets = (
				86B9C6E52B1F5F6D00873718 /* dora-architect-roadmap */,
			);
		};
/* End PBXProject section */

/* Begin PBXSourcesBuildPhase section */
		86B9C6E22B1F5F6D00873718 /* Sources */ = {
			isa = PBXSourcesBuildPhase;
			buildActionMask = 2147483647;
			files = (
				869D907D2B20D10800BF4716 /* DoraViewSkinsSDK.cpp in Sources */,
				863884322B255E2F00FE1C80 /* DoraBaseRecyclerViewAdapterHelperSDK.cpp in Sources */,
				863884412B2560BA00FE1C80 /* DoraCacheGreenDaoSDK.cpp in Sources */,
				863884262B255BF200FE1C80 /* DoraARouterSDK.cpp in Sources */,
				8638842C2B255D2D00FE1C80 /* DoraPgyerSDK.cpp in Sources */,
				86B9C7022B1F6BB100873718 /* DoraSDK.cpp in Sources */,
				863884592B2562CC00FE1C80 /* DoraViewLoadingDialogSDK.cpp in Sources */,
				8638844A2B25620B00FE1C80 /* DoraViewAvatarSDK.cpp in Sources */,
				8638845C2B2562EC00FE1C80 /* DoraViewEmptyLayoutSDK.cpp in Sources */,
				86B9C6EA2B1F5F6D00873718 /* main.cpp in Sources */,
				863884382B255F1600FE1C80 /* DoraSmartRefreshLayoutSDK.cpp in Sources */,
				863884532B25628800FE1C80 /* DoraViewProgressViewSDK.cpp in Sources */,
				869D90822B237B1900BF4716 /* DoraEventBusSDK.cpp in Sources */,
				8638842F2B255DA900FE1C80 /* DoraGlideSDK.cpp in Sources */,
				863884562B2562A600FE1C80 /* DoraViewAlertDialogSDK.cpp in Sources */,
				863884292B255CA500FE1C80 /* DoraApolloSDK.cpp in Sources */,
				8638844D2B25623100FE1C80 /* DoraViewBottomDialogSDK.cpp in Sources */,
				8638843E2B25609300FE1C80 /* DoraCacheRoomSDK.cpp in Sources */,
				86B9C6FB2B1F615F00873718 /* BaseProduct.cpp in Sources */,
				863884442B2561BF00FE1C80 /* DoraViewTitleBarSDK.cpp in Sources */,
				86B9C6FA2B1F615F00873718 /* DoraViewPlate.cpp in Sources */,
				863884622B25633700FE1C80 /* DoraViewColorsSDK.cpp in Sources */,
				863884472B2561DF00FE1C80 /* DoraViewToggleButtonSDK.cpp in Sources */,
				863884352B255EA300FE1C80 /* DoraDaggerSDK.cpp in Sources */,
				863884502B25625D00FE1C80 /* DoraViewClearEditTextSDK.cpp in Sources */,
				86B9C6FD2B1F615F00873718 /* DoraCachePlate.cpp in Sources */,
				869D90762B20CBCA00BF4716 /* DoraFirebaseSDK.cpp in Sources */,
				8638845F2B25631C00FE1C80 /* DoraViewFlexibleScrollViewSDK.cpp in Sources */,
				863704522B2603BC00695026 /* DoraOSSSDK.cpp in Sources */,
				869D907A2B20CFF700BF4716 /* DoraCacheSDK.cpp in Sources */,
				86B9C6FE2B1F615F00873718 /* DoraPlate.cpp in Sources */,
				86B9C6FC2B1F615F00873718 /* BasePlate.cpp in Sources */,
			);
			runOnlyForDeploymentPostprocessing = 0;
		};
/* End PBXSourcesBuildPhase section */

/* Begin XCBuildConfiguration section */
		86B9C6EB2B1F5F6D00873718 /* Debug */ = {
			isa = XCBuildConfiguration;
			buildSettings = {
				ALWAYS_SEARCH_USER_PATHS = NO;
				CLANG_ANALYZER_NONNULL = YES;
				CLANG_ANALYZER_NUMBER_OBJECT_CONVERSION = YES_AGGRESSIVE;
				CLANG_CXX_LANGUAGE_STANDARD = "gnu++20";
				CLANG_ENABLE_MODULES = YES;
				CLANG_ENABLE_OBJC_ARC = YES;
				CLANG_ENABLE_OBJC_WEAK = YES;
				CLANG_WARN_BLOCK_CAPTURE_AUTORELEASING = YES;
				CLANG_WARN_BOOL_CONVERSION = YES;
				CLANG_WARN_COMMA = YES;
				CLANG_WARN_CONSTANT_CONVERSION = YES;
				CLANG_WARN_DEPRECATED_OBJC_IMPLEMENTATIONS = YES;
				CLANG_WARN_DIRECT_OBJC_ISA_USAGE = YES_ERROR;
				CLANG_WARN_DOCUMENTATION_COMMENTS = YES;
				CLANG_WARN_EMPTY_BODY = YES;
				CLANG_WARN_ENUM_CONVERSION = YES;
				CLANG_WARN_INFINITE_RECURSION = YES;
				CLANG_WARN_INT_CONVERSION = YES;
				CLANG_WARN_NON_LITERAL_NULL_CONVERSION = YES;
				CLANG_WARN_OBJC_IMPLICIT_RETAIN_SELF = YES;
				CLANG_WARN_OBJC_LITERAL_CONVERSION = YES;
				CLANG_WARN_OBJC_ROOT_CLASS = YES_ERROR;
				CLANG_WARN_QUOTED_INCLUDE_IN_FRAMEWORK_HEADER = YES;
				CLANG_WARN_RANGE_LOOP_ANALYSIS = YES;
				CLANG_WARN_STRICT_PROTOTYPES = YES;
				CLANG_WARN_SUSPICIOUS_MOVE = YES;
				CLANG_WARN_UNGUARDED_AVAILABILITY = YES_AGGRESSIVE;
				CLANG_WARN_UNREACHABLE_CODE = YES;
				CLANG_WARN__DUPLICATE_METHOD_MATCH = YES;
				COPY_PHASE_STRIP = NO;
				DEBUG_INFORMATION_FORMAT = dwarf;
				ENABLE_STRICT_OBJC_MSGSEND = YES;
				ENABLE_TESTABILITY = YES;
				GCC_C_LANGUAGE_STANDARD = gnu11;
				GCC_DYNAMIC_NO_PIC = NO;
				GCC_NO_COMMON_BLOCKS = YES;
				GCC_OPTIMIZATION_LEVEL = 0;
				GCC_PREPROCESSOR_DEFINITIONS = (
					"DEBUG=1",
					"$(inherited)",
				);
				GCC_WARN_64_TO_32_BIT_CONVERSION = YES;
				GCC_WARN_ABOUT_RETURN_TYPE = YES_ERROR;
				GCC_WARN_UNDECLARED_SELECTOR = YES;
				GCC_WARN_UNINITIALIZED_AUTOS = YES_AGGRESSIVE;
				GCC_WARN_UNUSED_FUNCTION = YES;
				GCC_WARN_UNUSED_VARIABLE = YES;
				MACOSX_DEPLOYMENT_TARGET = 12.5;
				MTL_ENABLE_DEBUG_INFO = INCLUDE_SOURCE;
				MTL_FAST_MATH = YES;
				ONLY_ACTIVE_ARCH = YES;
				SDKROOT = macosx;
			};
			name = Debug;
		};
		86B9C6EC2B1F5F6D00873718 /* Release */ = {
			isa = XCBuildConfiguration;
			buildSettings = {
				ALWAYS_SEARCH_USER_PATHS = NO;
				CLANG_ANALYZER_NONNULL = YES;
				CLANG_ANALYZER_NUMBER_OBJECT_CONVERSION = YES_AGGRESSIVE;
				CLANG_CXX_LANGUAGE_STANDARD = "gnu++20";
				CLANG_ENABLE_MODULES = YES;
				CLANG_ENABLE_OBJC_ARC = YES;
				CLANG_ENABLE_OBJC_WEAK = YES;
				CLANG_WARN_BLOCK_CAPTURE_AUTORELEASING = YES;
				CLANG_WARN_BOOL_CONVERSION = YES;
				CLANG_WARN_COMMA = YES;
				CLANG_WARN_CONSTANT_CONVERSION = YES;
				CLANG_WARN_DEPRECATED_OBJC_IMPLEMENTATIONS = YES;
				CLANG_WARN_DIRECT_OBJC_ISA_USAGE = YES_ERROR;
				CLANG_WARN_DOCUMENTATION_COMMENTS = YES;
				CLANG_WARN_EMPTY_BODY = YES;
				CLANG_WARN_ENUM_CONVERSION = YES;
				CLANG_WARN_INFINITE_RECURSION = YES;
				CLANG_WARN_INT_CONVERSION = YES;
				CLANG_WARN_NON_LITERAL_NULL_CONVERSION = YES;
				CLANG_WARN_OBJC_IMPLICIT_RETAIN_SELF = YES;
				CLANG_WARN_OBJC_LITERAL_CONVERSION = YES;
				CLANG_WARN_OBJC_ROOT_CLASS = YES_ERROR;
				CLANG_WARN_QUOTED_INCLUDE_IN_FRAMEWORK_HEADER = YES;
				CLANG_WARN_RANGE_LOOP_ANALYSIS = YES;
				CLANG_WARN_STRICT_PROTOTYPES = YES;
				CLANG_WARN_SUSPICIOUS_MOVE = YES;
				CLANG_WARN_UNGUARDED_AVAILABILITY = YES_AGGRESSIVE;
				CLANG_WARN_UNREACHABLE_CODE = YES;
				CLANG_WARN__DUPLICATE_METHOD_MATCH = YES;
				COPY_PHASE_STRIP = NO;
				DEBUG_INFORMATION_FORMAT = "dwarf-with-dsym";
				ENABLE_NS_ASSERTIONS = NO;
				ENABLE_STRICT_OBJC_MSGSEND = YES;
				GCC_C_LANGUAGE_STANDARD = gnu11;
				GCC_NO_COMMON_BLOCKS = YES;
				GCC_WARN_64_TO_32_BIT_CONVERSION = YES;
				GCC_WARN_ABOUT_RETURN_TYPE = YES_ERROR;
				GCC_WARN_UNDECLARED_SELECTOR = YES;
				GCC_WARN_UNINITIALIZED_AUTOS = YES_AGGRESSIVE;
				GCC_WARN_UNUSED_FUNCTION = YES;
				GCC_WARN_UNUSED_VARIABLE = YES;
				MACOSX_DEPLOYMENT_TARGET = 12.5;
				MTL_ENABLE_DEBUG_INFO = NO;
				MTL_FAST_MATH = YES;
				SDKROOT = macosx;
			};
			name = Release;
		};
		86B9C6EE2B1F5F6D00873718 /* Debug */ = {
			isa = XCBuildConfiguration;
			buildSettings = {
				CODE_SIGN_ENTITLEMENTS = "dora-architect-roadmap/dora-architect-roadmap.entitlements";
				"CODE_SIGN_IDENTITY[sdk=macosx*]" = "Apple Development";
				CODE_SIGN_STYLE = Automatic;
				DEVELOPMENT_TEAM = SWA6B39AT3;
				ENABLE_HARDENED_RUNTIME = YES;
				PRODUCT_BUNDLE_IDENTIFIER = com.dorachat.arch;
				PRODUCT_NAME = "$(TARGET_NAME)";
			};
			name = Debug;
		};
		86B9C6EF2B1F5F6D00873718 /* Release */ = {
			isa = XCBuildConfiguration;
			buildSettings = {
				CODE_SIGN_ENTITLEMENTS = "dora-architect-roadmap/dora-architect-roadmap.entitlements";
				"CODE_SIGN_IDENTITY[sdk=macosx*]" = "Apple Development";
				CODE_SIGN_STYLE = Automatic;
				DEVELOPMENT_TEAM = SWA6B39AT3;
				ENABLE_HARDENED_RUNTIME = YES;
				PRODUCT_BUNDLE_IDENTIFIER = com.dorachat.arch;
				PRODUCT_NAME = "$(TARGET_NAME)";
			};
			name = Release;
		};
/* End XCBuildConfiguration section */

/* Begin XCConfigurationList section */
		86B9C6E12B1F5F6D00873718 /* Build configuration list for PBXProject "dora-architect-roadmap" */ = {
			isa = XCConfigurationList;
			buildConfigurations = (
				86B9C6EB2B1F5F6D00873718 /* Debug */,
				86B9C6EC2B1F5F6D00873718 /* Release */,
			);
			defaultConfigurationIsVisible = 0;
			defaultConfigurationName = Release;
		};
		86B9C6ED2B1F5F6D00873718 /* Build configuration list for PBXNativeTarget "dora-architect-roadmap" */ = {
			isa = XCConfigurationList;
			buildConfigurations = (
				86B9C6EE2B1F5F6D00873718 /* Debug */,
				86B9C6EF2B1F5F6D00873718 /* Release */,
			);
			defaultConfigurationIsVisible = 0;
			defaultConfigurationName = Release;
		};
/* End XCConfigurationList section */
	};
	rootObject = 86B9C6DE2B1F5F6D00873718 /* Project object */;
}
