// !$*UTF8*$!
{
	archiveVersion = 1;
	classes = {
	};
	objectVersion = 56;
	objects = {

/* Begin PBXFileReference section */
		86E5487A2B1B330D0042DABF /* BaseModule.cpp */ = {isa = PBXFileReference; lastKnownFileType = sourcecode.cpp.cpp; path = BaseModule.cpp; sourceTree = "<group>"; };
		86E5487B2B1B330D0042DABF /* BaseModule.hpp */ = {isa = PBXFileReference; lastKnownFileType = sourcecode.cpp.h; path = BaseModule.hpp; sourceTree = "<group>"; };
		86E5487C2B1B34D00042DABF /* BaseProduct.cpp */ = {isa = PBXFileReference; lastKnownFileType = sourcecode.cpp.cpp; path = BaseProduct.cpp; sourceTree = "<group>"; };
		86E5487D2B1B34D00042DABF /* BaseProduct.hpp */ = {isa = PBXFileReference; lastKnownFileType = sourcecode.cpp.h; path = BaseProduct.hpp; sourceTree = "<group>"; };
		86E5487E2B1B36630042DABF /* DoraModule.cpp */ = {isa = PBXFileReference; lastKnownFileType = sourcecode.cpp.cpp; path = DoraModule.cpp; sourceTree = "<group>"; };
		86E5487F2B1B36630042DABF /* DoraModule.hpp */ = {isa = PBXFileReference; lastKnownFileType = sourcecode.cpp.h; path = DoraModule.hpp; sourceTree = "<group>"; };
		86E548802B1B379E0042DABF /* DoraCacheModule.cpp */ = {isa = PBXFileReference; lastKnownFileType = sourcecode.cpp.cpp; path = DoraCacheModule.cpp; sourceTree = "<group>"; };
		86E548812B1B379E0042DABF /* DoraCacheModule.hpp */ = {isa = PBXFileReference; lastKnownFileType = sourcecode.cpp.h; path = DoraCacheModule.hpp; sourceTree = "<group>"; };
		86E548822B1B37C80042DABF /* DoraViewModule.cpp */ = {isa = PBXFileReference; lastKnownFileType = sourcecode.cpp.cpp; path = DoraViewModule.cpp; sourceTree = "<group>"; };
		86E548832B1B37C80042DABF /* DoraViewModule.hpp */ = {isa = PBXFileReference; lastKnownFileType = sourcecode.cpp.h; path = DoraViewModule.hpp; sourceTree = "<group>"; };
/* End PBXFileReference section */

/* Begin PBXGroup section */
		86E548732B1B32BB0042DABF = {
			isa = PBXGroup;
			children = (
				86E548822B1B37C80042DABF /* DoraViewModule.cpp */,
				86E548832B1B37C80042DABF /* DoraViewModule.hpp */,
				86E548802B1B379E0042DABF /* DoraCacheModule.cpp */,
				86E548812B1B379E0042DABF /* DoraCacheModule.hpp */,
				86E5487E2B1B36630042DABF /* DoraModule.cpp */,
				86E5487F2B1B36630042DABF /* DoraModule.hpp */,
				86E5487C2B1B34D00042DABF /* BaseProduct.cpp */,
				86E5487D2B1B34D00042DABF /* BaseProduct.hpp */,
				86E5487A2B1B330D0042DABF /* BaseModule.cpp */,
				86E5487B2B1B330D0042DABF /* BaseModule.hpp */,
			);
			sourceTree = "<group>";
		};
/* End PBXGroup section */

/* Begin PBXProject section */
		86E548742B1B32BB0042DABF /* Project object */ = {
			isa = PBXProject;
			attributes = {
				BuildIndependentTargetsInParallel = 1;
				LastUpgradeCheck = 1420;
			};
			buildConfigurationList = 86E548772B1B32BB0042DABF /* Build configuration list for PBXProject "dora-architect-roadmap" */;
			compatibilityVersion = "Xcode 14.0";
			developmentRegion = en;
			hasScannedForEncodings = 0;
			knownRegions = (
				en,
				Base,
			);
			mainGroup = 86E548732B1B32BB0042DABF;
			projectDirPath = "";
			projectRoot = "";
			targets = (
			);
		};
/* End PBXProject section */

/* Begin XCBuildConfiguration section */
		86E548782B1B32BB0042DABF /* Debug */ = {
			isa = XCBuildConfiguration;
			buildSettings = {
			};
			name = Debug;
		};
		86E548792B1B32BB0042DABF /* Release */ = {
			isa = XCBuildConfiguration;
			buildSettings = {
			};
			name = Release;
		};
/* End XCBuildConfiguration section */

/* Begin XCConfigurationList section */
		86E548772B1B32BB0042DABF /* Build configuration list for PBXProject "dora-architect-roadmap" */ = {
			isa = XCConfigurationList;
			buildConfigurations = (
				86E548782B1B32BB0042DABF /* Debug */,
				86E548792B1B32BB0042DABF /* Release */,
			);
			defaultConfigurationIsVisible = 0;
			defaultConfigurationName = Release;
		};
/* End XCConfigurationList section */
	};
	rootObject = 86E548742B1B32BB0042DABF /* Project object */;
}
